
Microsoft Visual Studio Solution File, Format Version 12.00
# Visual Studio Version 17
VisualStudioVersion = 17.8.34316.72
MinimumVisualStudioVersion = 10.0.40219.1
Project("{9A19103F-16F7-4668-BE54-9A1E7A4F7556}") = "TicTacToe", "TicTacToe\TicTacToe.csproj", "{658E58F7-7B8A-418D-969C-99B1984C1642}"
EndProject
Project("{FAE04EC0-301F-11D3-BF4B-00C04F79EFBC}") = "TicTacToe.Data", "TicTacToeData\TicTacToe.Data.csproj", "{EB0CDCBE-B0C3-4456-8E6A-DC27FB4934CA}"
EndProject
Project("{FAE04EC0-301F-11D3-BF4B-00C04F79EFBC}") = "TicTacToe.Core", "TicTacToe.Core\TicTacToe.Core.csproj", "{DBB05194-0EFB-47CC-BDCA-A6108A580991}"
EndProject
Global
	GlobalSection(SolutionConfigurationPlatforms) = preSolution
		Debug|Any CPU = Debug|Any CPU
		Release|Any CPU = Release|Any CPU
	EndGlobalSection
	GlobalSection(ProjectConfigurationPlatforms) = postSolution
		{658E58F7-7B8A-418D-969C-99B1984C1642}.Debug|Any CPU.ActiveCfg = Debug|Any CPU
		{658E58F7-7B8A-418D-969C-99B1984C1642}.Debug|Any CPU.Build.0 = Debug|Any CPU
		{658E58F7-7B8A-418D-969C-99B1984C1642}.Release|Any CPU.ActiveCfg = Release|Any CPU
		{658E58F7-7B8A-418D-969C-99B1984C1642}.Release|Any CPU.Build.0 = Release|Any CPU
		{EB0CDCBE-B0C3-4456-8E6A-DC27FB4934CA}.Debug|Any CPU.ActiveCfg = Debug|Any CPU
		{EB0CDCBE-B0C3-4456-8E6A-DC27FB4934CA}.Debug|Any CPU.Build.0 = Debug|Any CPU
		{EB0CDCBE-B0C3-4456-8E6A-DC27FB4934CA}.Release|Any CPU.ActiveCfg = Release|Any CPU
		{EB0CDCBE-B0C3-4456-8E6A-DC27FB4934CA}.Release|Any CPU.Build.0 = Release|Any CPU
		{DBB05194-0EFB-47CC-BDCA-A6108A580991}.Debug|Any CPU.ActiveCfg = Debug|Any CPU
		{DBB05194-0EFB-47CC-BDCA-A6108A580991}.Debug|Any CPU.Build.0 = Debug|Any CPU
		{DBB05194-0EFB-47CC-BDCA-A6108A580991}.Release|Any CPU.ActiveCfg = Release|Any CPU
		{DBB05194-0EFB-47CC-BDCA-A6108A580991}.Release|Any CPU.Build.0 = Release|Any CPU
	EndGlobalSection
	GlobalSection(SolutionProperties) = preSolution
		HideSolutionNode = FALSE
	EndGlobalSection
	GlobalSection(ExtensibilityGlobals) = postSolution
		SolutionGuid = {7145EAE7-CFA9-4CEC-AE69-BA6E7A3ED7B3}
	EndGlobalSection
EndGlobal
